// !$*UTF8*$!
{
	archiveVersion = 1;
	classes = {
	};
	objectVersion = 50;
	objects = {

/* Begin PBXBuildFile section */
		3D15F4AE2175B17B007A1E18 /* AppDelegate.swift in Sources */ = {isa = PBXBuildFile; fileRef = 3D15F4AD2175B17B007A1E18 /* AppDelegate.swift */; };
		3D15F4B32175B17B007A1E18 /* Main.storyboard in Resources */ = {isa = PBXBuildFile; fileRef = 3D15F4B12175B17B007A1E18 /* Main.storyboard */; };
		3D15F4B52175B180007A1E18 /* Assets.xcassets in Resources */ = {isa = PBXBuildFile; fileRef = 3D15F4B42175B180007A1E18 /* Assets.xcassets */; };
		3D15F4B82175B180007A1E18 /* LaunchScreen.storyboard in Resources */ = {isa = PBXBuildFile; fileRef = 3D15F4B62175B180007A1E18 /* LaunchScreen.storyboard */; };
		3D15F4C32175B180007A1E18 /* NuevocafeTests.swift in Sources */ = {isa = PBXBuildFile; fileRef = 3D15F4C22175B180007A1E18 /* NuevocafeTests.swift */; };
		3D15F4E12175B91B007A1E18 /* NuevocafeUITests.swift in Sources */ = {isa = PBXBuildFile; fileRef = 3D15F4CD2175B180007A1E18 /* NuevocafeUITests.swift */; };
		3D15F4E22175B929007A1E18 /* ViewController.swift in Sources */ = {isa = PBXBuildFile; fileRef = 3D15F4AF2175B17B007A1E18 /* ViewController.swift */; };
		3D15F4E42175BAB3007A1E18 /* ViewControllerProducto.swift in Sources */ = {isa = PBXBuildFile; fileRef = 3D15F4E32175BAB3007A1E18 /* ViewControllerProducto.swift */; };
		3D15F4E62175BAD7007A1E18 /* Producto.swift in Sources */ = {isa = PBXBuildFile; fileRef = 3D15F4E52175BAD7007A1E18 /* Producto.swift */; };
		3DBB46F82175C825008CDEAC /* CeldaProducto.swift in Sources */ = {isa = PBXBuildFile; fileRef = 3DBB46F72175C825008CDEAC /* CeldaProducto.swift */; };
		3DBB46FA2175D2FE008CDEAC /* ProductoDetalleController.swift in Sources */ = {isa = PBXBuildFile; fileRef = 3DBB46F92175D2FE008CDEAC /* ProductoDetalleController.swift */; };
		3DBB46FC2175D7AB008CDEAC /* CeldaComentario.swift in Sources */ = {isa = PBXBuildFile; fileRef = 3DBB46FB2175D7AB008CDEAC /* CeldaComentario.swift */; };
		3DBB46FE2175D85B008CDEAC /* Comentario.swift in Sources */ = {isa = PBXBuildFile; fileRef = 3DBB46FD2175D85B008CDEAC /* Comentario.swift */; };
		3DBB47002175D950008CDEAC /* ProductoComentariosController.swift in Sources */ = {isa = PBXBuildFile; fileRef = 3DBB46FF2175D950008CDEAC /* ProductoComentariosController.swift */; };
/* End PBXBuildFile section */

/* Begin PBXContainerItemProxy section */
		3D15F4BF2175B180007A1E18 /* PBXContainerItemProxy */ = {
			isa = PBXContainerItemProxy;
			containerPortal = 3D15F4A22175B17B007A1E18 /* Project object */;
			proxyType = 1;
			remoteGlobalIDString = 3D15F4A92175B17B007A1E18;
			remoteInfo = Nuevocafe;
		};
		3D15F4CA2175B180007A1E18 /* PBXContainerItemProxy */ = {
			isa = PBXContainerItemProxy;
			containerPortal = 3D15F4A22175B17B007A1E18 /* Project object */;
			proxyType = 1;
			remoteGlobalIDString = 3D15F4A92175B17B007A1E18;
			remoteInfo = Nuevocafe;
		};
/* End PBXContainerItemProxy section */

/* Begin PBXFileReference section */
		3D15F4AA2175B17B007A1E18 /* Nuevocafe.app */ = {isa = PBXFileReference; explicitFileType = wrapper.application; includeInIndex = 0; path = Nuevocafe.app; sourceTree = BUILT_PRODUCTS_DIR; };
		3D15F4AD2175B17B007A1E18 /* AppDelegate.swift */ = {isa = PBXFileReference; lastKnownFileType = sourcecode.swift; path = AppDelegate.swift; sourceTree = "<group>"; };
		3D15F4AF2175B17B007A1E18 /* ViewController.swift */ = {isa = PBXFileReference; lastKnownFileType = sourcecode.swift; path = ViewController.swift; sourceTree = "<group>"; };
		3D15F4B22175B17B007A1E18 /* Base */ = {isa = PBXFileReference; lastKnownFileType = file.storyboard; name = Base; path = Base.lproj/Main.storyboard; sourceTree = "<group>"; };
		3D15F4B42175B180007A1E18 /* Assets.xcassets */ = {isa = PBXFileReference; lastKnownFileType = folder.assetcatalog; path = Assets.xcassets; sourceTree = "<group>"; };
		3D15F4B72175B180007A1E18 /* Base */ = {isa = PBXFileReference; lastKnownFileType = file.storyboard; name = Base; path = Base.lproj/LaunchScreen.storyboard; sourceTree = "<group>"; };
		3D15F4B92175B180007A1E18 /* Info.plist */ = {isa = PBXFileReference; lastKnownFileType = text.plist.xml; path = Info.plist; sourceTree = "<group>"; };
		3D15F4BE2175B180007A1E18 /* NuevocafeTests.xctest */ = {isa = PBXFileReference; explicitFileType = wrapper.cfbundle; includeInIndex = 0; path = NuevocafeTests.xctest; sourceTree = BUILT_PRODUCTS_DIR; };
		3D15F4C22175B180007A1E18 /* NuevocafeTests.swift */ = {isa = PBXFileReference; lastKnownFileType = sourcecode.swift; path = NuevocafeTests.swift; sourceTree = "<group>"; };
		3D15F4C42175B180007A1E18 /* Info.plist */ = {isa = PBXFileReference; lastKnownFileType = text.plist.xml; path = Info.plist; sourceTree = "<group>"; };
		3D15F4C92175B180007A1E18 /* NuevocafeUITests.xctest */ = {isa = PBXFileReference; explicitFileType = wrapper.cfbundle; includeInIndex = 0; path = NuevocafeUITests.xctest; sourceTree = BUILT_PRODUCTS_DIR; };
		3D15F4CD2175B180007A1E18 /* NuevocafeUITests.swift */ = {isa = PBXFileReference; lastKnownFileType = sourcecode.swift; path = NuevocafeUITests.swift; sourceTree = "<group>"; };
		3D15F4CF2175B180007A1E18 /* Info.plist */ = {isa = PBXFileReference; lastKnownFileType = text.plist.xml; name = Info.plist; path = ../NuevocafeUITests/Info.plist; sourceTree = "<group>"; };
		3D15F4E32175BAB3007A1E18 /* ViewControllerProducto.swift */ = {isa = PBXFileReference; lastKnownFileType = sourcecode.swift; path = ViewControllerProducto.swift; sourceTree = "<group>"; };
		3D15F4E52175BAD7007A1E18 /* Producto.swift */ = {isa = PBXFileReference; lastKnownFileType = sourcecode.swift; path = Producto.swift; sourceTree = "<group>"; };
		3DBB46F72175C825008CDEAC /* CeldaProducto.swift */ = {isa = PBXFileReference; lastKnownFileType = sourcecode.swift; path = CeldaProducto.swift; sourceTree = "<group>"; };
		3DBB46F92175D2FE008CDEAC /* ProductoDetalleController.swift */ = {isa = PBXFileReference; lastKnownFileType = sourcecode.swift; path = ProductoDetalleController.swift; sourceTree = "<group>"; };
		3DBB46FB2175D7AB008CDEAC /* CeldaComentario.swift */ = {isa = PBXFileReference; lastKnownFileType = sourcecode.swift; path = CeldaComentario.swift; sourceTree = "<group>"; };
		3DBB46FD2175D85B008CDEAC /* Comentario.swift */ = {isa = PBXFileReference; lastKnownFileType = sourcecode.swift; path = Comentario.swift; sourceTree = "<group>"; };
		3DBB46FF2175D950008CDEAC /* ProductoComentariosController.swift */ = {isa = PBXFileReference; lastKnownFileType = sourcecode.swift; path = ProductoComentariosController.swift; sourceTree = "<group>"; };
/* End PBXFileReference section */

/* Begin PBXFrameworksBuildPhase section */
		3D15F4A72175B17B007A1E18 /* Frameworks */ = {
			isa = PBXFrameworksBuildPhase;
			buildActionMask = 2147483647;
			files = (
			);
			runOnlyForDeploymentPostprocessing = 0;
		};
		3D15F4BB2175B180007A1E18 /* Frameworks */ = {
			isa = PBXFrameworksBuildPhase;
			buildActionMask = 2147483647;
			files = (
			);
			runOnlyForDeploymentPostprocessing = 0;
		};
		3D15F4C62175B180007A1E18 /* Frameworks */ = {
			isa = PBXFrameworksBuildPhase;
			buildActionMask = 2147483647;
			files = (
			);
			runOnlyForDeploymentPostprocessing = 0;
		};
/* End PBXFrameworksBuildPhase section */

/* Begin PBXGroup section */
		3D15F4A12175B17B007A1E18 = {
			isa = PBXGroup;
			children = (
				3D15F4AC2175B17B007A1E18 /* Nuevocafe */,
				3D15F4E02175B8EA007A1E18 /* Resourses */,
				3D15F4DF2175B8D3007A1E18 /* ViewControllers */,
				3D15F4DE2175B8C6007A1E18 /* App */,
				3D15F4DD2175B8B7007A1E18 /* Views */,
				3D15F4DC2175B8AA007A1E18 /* Models */,
				3D15F4DB2175B88C007A1E18 /* Fuente */,
				3D15F4C12175B180007A1E18 /* NuevocafeTests */,
				3D15F4CC2175B180007A1E18 /* NuevocafeUITests */,
				3D15F4AB2175B17B007A1E18 /* Products */,
			);
			sourceTree = "<group>";
		};
		3D15F4AB2175B17B007A1E18 /* Products */ = {
			isa = PBXGroup;
			children = (
				3D15F4AA2175B17B007A1E18 /* Nuevocafe.app */,
				3D15F4BE2175B180007A1E18 /* NuevocafeTests.xctest */,
				3D15F4C92175B180007A1E18 /* NuevocafeUITests.xctest */,
			);
			name = Products;
			sourceTree = "<group>";
		};
		3D15F4AC2175B17B007A1E18 /* Nuevocafe */ = {
			isa = PBXGroup;
			children = (
				3D15F4B92175B180007A1E18 /* Info.plist */,
			);
			path = Nuevocafe;
			sourceTree = "<group>";
		};
		3D15F4C12175B180007A1E18 /* NuevocafeTests */ = {
			isa = PBXGroup;
			children = (
			);
			path = NuevocafeTests;
			sourceTree = "<group>";
		};
		3D15F4CC2175B180007A1E18 /* NuevocafeUITests */ = {
			isa = PBXGroup;
			children = (
			);
			path = NuevocafeUITests;
			sourceTree = "<group>";
		};
		3D15F4DB2175B88C007A1E18 /* Fuente */ = {
			isa = PBXGroup;
			children = (
				3D15F4CF2175B180007A1E18 /* Info.plist */,
				3D15F4C42175B180007A1E18 /* Info.plist */,
			);
			path = Fuente;
			sourceTree = "<group>";
		};
		3D15F4DC2175B8AA007A1E18 /* Models */ = {
			isa = PBXGroup;
			children = (
				3D15F4E52175BAD7007A1E18 /* Producto.swift */,
				3DBB46FD2175D85B008CDEAC /* Comentario.swift */,
			);
			path = Models;
			sourceTree = "<group>";
		};
		3D15F4DD2175B8B7007A1E18 /* Views */ = {
			isa = PBXGroup;
			children = (
				3D15F4B12175B17B007A1E18 /* Main.storyboard */,
				3D15F4B62175B180007A1E18 /* LaunchScreen.storyboard */,
			);
			path = Views;
			sourceTree = "<group>";
		};
		3D15F4DE2175B8C6007A1E18 /* App */ = {
			isa = PBXGroup;
			children = (
				3D15F4AD2175B17B007A1E18 /* AppDelegate.swift */,
			);
			path = App;
			sourceTree = "<group>";
		};
		3D15F4DF2175B8D3007A1E18 /* ViewControllers */ = {
			isa = PBXGroup;
			children = (
				3D15F4C22175B180007A1E18 /* NuevocafeTests.swift */,
				3D15F4CD2175B180007A1E18 /* NuevocafeUITests.swift */,
				3D15F4AF2175B17B007A1E18 /* ViewController.swift */,
				3D15F4E32175BAB3007A1E18 /* ViewControllerProducto.swift */,
				3DBB46F72175C825008CDEAC /* CeldaProducto.swift */,
				3DBB46F92175D2FE008CDEAC /* ProductoDetalleController.swift */,
				3DBB46FB2175D7AB008CDEAC /* CeldaComentario.swift */,
				3DBB46FF2175D950008CDEAC /* ProductoComentariosController.swift */,
			);
			path = ViewControllers;
			sourceTree = "<group>";
		};
		3D15F4E02175B8EA007A1E18 /* Resourses */ = {
			isa = PBXGroup;
			children = (
				3D15F4B42175B180007A1E18 /* Assets.xcassets */,
			);
			path = Resourses;
			sourceTree = "<group>";
		};
/* End PBXGroup section */

/* Begin PBXNativeTarget section */
		3D15F4A92175B17B007A1E18 /* Nuevocafe */ = {
			isa = PBXNativeTarget;
			buildConfigurationList = 3D15F4D22175B180007A1E18 /* Build configuration list for PBXNativeTarget "Nuevocafe" */;
			buildPhases = (
				3D15F4A62175B17B007A1E18 /* Sources */,
				3D15F4A72175B17B007A1E18 /* Frameworks */,
				3D15F4A82175B17B007A1E18 /* Resources */,
			);
			buildRules = (
			);
			dependencies = (
			);
			name = Nuevocafe;
			productName = Nuevocafe;
			productReference = 3D15F4AA2175B17B007A1E18 /* Nuevocafe.app */;
			productType = "com.apple.product-type.application";
		};
		3D15F4BD2175B180007A1E18 /* NuevocafeTests */ = {
			isa = PBXNativeTarget;
			buildConfigurationList = 3D15F4D52175B180007A1E18 /* Build configuration list for PBXNativeTarget "NuevocafeTests" */;
			buildPhases = (
				3D15F4BA2175B180007A1E18 /* Sources */,
				3D15F4BB2175B180007A1E18 /* Frameworks */,
				3D15F4BC2175B180007A1E18 /* Resources */,
			);
			buildRules = (
			);
			dependencies = (
				3D15F4C02175B180007A1E18 /* PBXTargetDependency */,
			);
			name = NuevocafeTests;
			productName = NuevocafeTests;
			productReference = 3D15F4BE2175B180007A1E18 /* NuevocafeTests.xctest */;
			productType = "com.apple.product-type.bundle.unit-test";
		};
		3D15F4C82175B180007A1E18 /* NuevocafeUITests */ = {
			isa = PBXNativeTarget;
			buildConfigurationList = 3D15F4D82175B180007A1E18 /* Build configuration list for PBXNativeTarget "NuevocafeUITests" */;
			buildPhases = (
				3D15F4C52175B180007A1E18 /* Sources */,
				3D15F4C62175B180007A1E18 /* Frameworks */,
				3D15F4C72175B180007A1E18 /* Resources */,
			);
			buildRules = (
			);
			dependencies = (
				3D15F4CB2175B180007A1E18 /* PBXTargetDependency */,
			);
			name = NuevocafeUITests;
			productName = NuevocafeUITests;
			productReference = 3D15F4C92175B180007A1E18 /* NuevocafeUITests.xctest */;
			productType = "com.apple.product-type.bundle.ui-testing";
		};
/* End PBXNativeTarget section */

/* Begin PBXProject section */
		3D15F4A22175B17B007A1E18 /* Project object */ = {
			isa = PBXProject;
			attributes = {
				LastSwiftUpdateCheck = 0940;
				LastUpgradeCheck = 0940;
				ORGANIZATIONNAME = Alumno;
				TargetAttributes = {
					3D15F4A92175B17B007A1E18 = {
						CreatedOnToolsVersion = 9.4.1;
					};
					3D15F4BD2175B180007A1E18 = {
						CreatedOnToolsVersion = 9.4.1;
						TestTargetID = 3D15F4A92175B17B007A1E18;
					};
					3D15F4C82175B180007A1E18 = {
						CreatedOnToolsVersion = 9.4.1;
						TestTargetID = 3D15F4A92175B17B007A1E18;
					};
				};
			};
			buildConfigurationList = 3D15F4A52175B17B007A1E18 /* Build configuration list for PBXProject "Nuevocafe" */;
			compatibilityVersion = "Xcode 9.3";
			developmentRegion = en;
			hasScannedForEncodings = 0;
			knownRegions = (
				en,
				Base,
			);
			mainGroup = 3D15F4A12175B17B007A1E18;
			productRefGroup = 3D15F4AB2175B17B007A1E18 /* Products */;
			projectDirPath = "";
			projectRoot = "";
			targets = (
				3D15F4A92175B17B007A1E18 /* Nuevocafe */,
				3D15F4BD2175B180007A1E18 /* NuevocafeTests */,
				3D15F4C82175B180007A1E18 /* NuevocafeUITests */,
			);
		};
/* End PBXProject section */

/* Begin PBXResourcesBuildPhase section */
		3D15F4A82175B17B007A1E18 /* Resources */ = {
			isa = PBXResourcesBuildPhase;
			buildActionMask = 2147483647;
			files = (
				3D15F4B82175B180007A1E18 /* LaunchScreen.storyboard in Resources */,
				3D15F4B52175B180007A1E18 /* Assets.xcassets in Resources */,
				3D15F4B32175B17B007A1E18 /* Main.storyboard in Resources */,
			);
			runOnlyForDeploymentPostprocessing = 0;
		};
		3D15F4BC2175B180007A1E18 /* Resources */ = {
			isa = PBXResourcesBuildPhase;
			buildActionMask = 2147483647;
			files = (
			);
			runOnlyForDeploymentPostprocessing = 0;
		};
		3D15F4C72175B180007A1E18 /* Resources */ = {
			isa = PBXResourcesBuildPhase;
			buildActionMask = 2147483647;
			files = (
			);
			runOnlyForDeploymentPostprocessing = 0;
		};
/* End PBXResourcesBuildPhase section */

/* Begin PBXSourcesBuildPhase section */
		3D15F4A62175B17B007A1E18 /* Sources */ = {
			isa = PBXSourcesBuildPhase;
			buildActionMask = 2147483647;
			files = (
				3DBB46FC2175D7AB008CDEAC /* CeldaComentario.swift in Sources */,
				3DBB46F82175C825008CDEAC /* CeldaProducto.swift in Sources */,
				3DBB46FE2175D85B008CDEAC /* Comentario.swift in Sources */,
				3D15F4E42175BAB3007A1E18 /* ViewControllerProducto.swift in Sources */,
				3DBB46FA2175D2FE008CDEAC /* ProductoDetalleController.swift in Sources */,
				3D15F4AE2175B17B007A1E18 /* AppDelegate.swift in Sources */,
				3DBB47002175D950008CDEAC /* ProductoComentariosController.swift in Sources */,
				3D15F4E62175BAD7007A1E18 /* Producto.swift in Sources */,
			);
			runOnlyForDeploymentPostprocessing = 0;
		};
		3D15F4BA2175B180007A1E18 /* Sources */ = {
			isa = PBXSourcesBuildPhase;
			buildActionMask = 2147483647;
			files = (
				3D15F4E22175B929007A1E18 /* ViewController.swift in Sources */,
				3D15F4E12175B91B007A1E18 /* NuevocafeUITests.swift in Sources */,
				3D15F4C32175B180007A1E18 /* NuevocafeTests.swift in Sources */,
			);
			runOnlyForDeploymentPostprocessing = 0;
		};
		3D15F4C52175B180007A1E18 /* Sources */ = {
			isa = PBXSourcesBuildPhase;
			buildActionMask = 2147483647;
			files = (
			);
			runOnlyForDeploymentPostprocessing = 0;
		};
/* End PBXSourcesBuildPhase section */

/* Begin PBXTargetDependency section */
		3D15F4C02175B180007A1E18 /* PBXTargetDependency */ = {
			isa = PBXTargetDependency;
			target = 3D15F4A92175B17B007A1E18 /* Nuevocafe */;
			targetProxy = 3D15F4BF2175B180007A1E18 /* PBXContainerItemProxy */;
		};
		3D15F4CB2175B180007A1E18 /* PBXTargetDependency */ = {
			isa = PBXTargetDependency;
			target = 3D15F4A92175B17B007A1E18 /* Nuevocafe */;
			targetProxy = 3D15F4CA2175B180007A1E18 /* PBXContainerItemProxy */;
		};
/* End PBXTargetDependency section */

/* Begin PBXVariantGroup section */
		3D15F4B12175B17B007A1E18 /* Main.storyboard */ = {
			isa = PBXVariantGroup;
			children = (
				3D15F4B22175B17B007A1E18 /* Base */,
			);
			name = Main.storyboard;
			sourceTree = "<group>";
		};
		3D15F4B62175B180007A1E18 /* LaunchScreen.storyboard */ = {
			isa = PBXVariantGroup;
			children = (
				3D15F4B72175B180007A1E18 /* Base */,
			);
			name = LaunchScreen.storyboard;
			sourceTree = "<group>";
		};
/* End PBXVariantGroup section */

/* Begin XCBuildConfiguration section */
		3D15F4D02175B180007A1E18 /* Debug */ = {
			isa = XCBuildConfiguration;
			buildSettings = {
				ALWAYS_SEARCH_USER_PATHS = NO;
				CLANG_ANALYZER_NONNULL = YES;
				CLANG_ANALYZER_NUMBER_OBJECT_CONVERSION = YES_AGGRESSIVE;
				CLANG_CXX_LANGUAGE_STANDARD = "gnu++14";
				CLANG_CXX_LIBRARY = "libc++";
				CLANG_ENABLE_MODULES = YES;
				CLANG_ENABLE_OBJC_ARC = YES;
				CLANG_ENABLE_OBJC_WEAK = YES;
				CLANG_WARN_BLOCK_CAPTURE_AUTORELEASING = YES;
				CLANG_WARN_BOOL_CONVERSION = YES;
				CLANG_WARN_COMMA = YES;
				CLANG_WARN_CONSTANT_CONVERSION = YES;
				CLANG_WARN_DEPRECATED_OBJC_IMPLEMENTATIONS = YES;
				CLANG_WARN_DIRECT_OBJC_ISA_USAGE = YES_ERROR;
				CLANG_WARN_DOCUMENTATION_COMMENTS = YES;
				CLANG_WARN_EMPTY_BODY = YES;
				CLANG_WARN_ENUM_CONVERSION = YES;
				CLANG_WARN_INFINITE_RECURSION = YES;
				CLANG_WARN_INT_CONVERSION = YES;
				CLANG_WARN_NON_LITERAL_NULL_CONVERSION = YES;
				CLANG_WARN_OBJC_IMPLICIT_RETAIN_SELF = YES;
				CLANG_WARN_OBJC_LITERAL_CONVERSION = YES;
				CLANG_WARN_OBJC_ROOT_CLASS = YES_ERROR;
				CLANG_WARN_RANGE_LOOP_ANALYSIS = YES;
				CLANG_WARN_STRICT_PROTOTYPES = YES;
				CLANG_WARN_SUSPICIOUS_MOVE = YES;
				CLANG_WARN_UNGUARDED_AVAILABILITY = YES_AGGRESSIVE;
				CLANG_WARN_UNREACHABLE_CODE = YES;
				CLANG_WARN__DUPLICATE_METHOD_MATCH = YES;
				CODE_SIGN_IDENTITY = "iPhone Developer";
				COPY_PHASE_STRIP = NO;
				DEBUG_INFORMATION_FORMAT = dwarf;
				ENABLE_STRICT_OBJC_MSGSEND = YES;
				ENABLE_TESTABILITY = YES;
				GCC_C_LANGUAGE_STANDARD = gnu11;
				GCC_DYNAMIC_NO_PIC = NO;
				GCC_NO_COMMON_BLOCKS = YES;
				GCC_OPTIMIZATION_LEVEL = 0;
				GCC_PREPROCESSOR_DEFINITIONS = (
					"DEBUG=1",
					"$(inherited)",
				);
				GCC_WARN_64_TO_32_BIT_CONVERSION = YES;
				GCC_WARN_ABOUT_RETURN_TYPE = YES_ERROR;
				GCC_WARN_UNDECLARED_SELECTOR = YES;
				GCC_WARN_UNINITIALIZED_AUTOS = YES_AGGRESSIVE;
				GCC_WARN_UNUSED_FUNCTION = YES;
				GCC_WARN_UNUSED_VARIABLE = YES;
				IPHONEOS_DEPLOYMENT_TARGET = 11.4;
				MTL_ENABLE_DEBUG_INFO = YES;
				ONLY_ACTIVE_ARCH = YES;
				SDKROOT = iphoneos;
				SWIFT_ACTIVE_COMPILATION_CONDITIONS = DEBUG;
				SWIFT_OPTIMIZATION_LEVEL = "-Onone";
			};
			name = Debug;
		};
		3D15F4D12175B180007A1E18 /* Release */ = {
			isa = XCBuildConfiguration;
			buildSettings = {
				ALWAYS_SEARCH_USER_PATHS = NO;
				CLANG_ANALYZER_NONNULL = YES;
				CLANG_ANALYZER_NUMBER_OBJECT_CONVERSION = YES_AGGRESSIVE;
				CLANG_CXX_LANGUAGE_STANDARD = "gnu++14";
				CLANG_CXX_LIBRARY = "libc++";
				CLANG_ENABLE_MODULES = YES;
				CLANG_ENABLE_OBJC_ARC = YES;
				CLANG_ENABLE_OBJC_WEAK = YES;
				CLANG_WARN_BLOCK_CAPTURE_AUTORELEASING = YES;
				CLANG_WARN_BOOL_CONVERSION = YES;
				CLANG_WARN_COMMA = YES;
				CLANG_WARN_CONSTANT_CONVERSION = YES;
				CLANG_WARN_DEPRECATED_OBJC_IMPLEMENTATIONS = YES;
				CLANG_WARN_DIRECT_OBJC_ISA_USAGE = YES_ERROR;
				CLANG_WARN_DOCUMENTATION_COMMENTS = YES;
				CLANG_WARN_EMPTY_BODY = YES;
				CLANG_WARN_ENUM_CONVERSION = YES;
				CLANG_WARN_INFINITE_RECURSION = YES;
				CLANG_WARN_INT_CONVERSION = YES;
				CLANG_WARN_NON_LITERAL_NULL_CONVERSION = YES;
				CLANG_WARN_OBJC_IMPLICIT_RETAIN_SELF = YES;
				CLANG_WARN_OBJC_LITERAL_CONVERSION = YES;
				CLANG_WARN_OBJC_ROOT_CLASS = YES_ERROR;
				CLANG_WARN_RANGE_LOOP_ANALYSIS = YES;
				CLANG_WARN_STRICT_PROTOTYPES = YES;
				CLANG_WARN_SUSPICIOUS_MOVE = YES;
				CLANG_WARN_UNGUARDED_AVAILABILITY = YES_AGGRESSIVE;
				CLANG_WARN_UNREACHABLE_CODE = YES;
				CLANG_WARN__DUPLICATE_METHOD_MATCH = YES;
				CODE_SIGN_IDENTITY = "iPhone Developer";
				COPY_PHASE_STRIP = NO;
				DEBUG_INFORMATION_FORMAT = "dwarf-with-dsym";
				ENABLE_NS_ASSERTIONS = NO;
				ENABLE_STRICT_OBJC_MSGSEND = YES;
				GCC_C_LANGUAGE_STANDARD = gnu11;
				GCC_NO_COMMON_BLOCKS = YES;
				GCC_WARN_64_TO_32_BIT_CONVERSION = YES;
				GCC_WARN_ABOUT_RETURN_TYPE = YES_ERROR;
				GCC_WARN_UNDECLARED_SELECTOR = YES;
				GCC_WARN_UNINITIALIZED_AUTOS = YES_AGGRESSIVE;
				GCC_WARN_UNUSED_FUNCTION = YES;
				GCC_WARN_UNUSED_VARIABLE = YES;
				IPHONEOS_DEPLOYMENT_TARGET = 11.4;
				MTL_ENABLE_DEBUG_INFO = NO;
				SDKROOT = iphoneos;
				SWIFT_COMPILATION_MODE = wholemodule;
				SWIFT_OPTIMIZATION_LEVEL = "-O";
				VALIDATE_PRODUCT = YES;
			};
			name = Release;
		};
		3D15F4D32175B180007A1E18 /* Debug */ = {
			isa = XCBuildConfiguration;
			buildSettings = {
				ASSETCATALOG_COMPILER_APPICON_NAME = AppIcon;
				CODE_SIGN_STYLE = Automatic;
				INFOPLIST_FILE = Nuevocafe/Info.plist;
				LD_RUNPATH_SEARCH_PATHS = (
					"$(inherited)",
					"@executable_path/Frameworks",
				);
				PRODUCT_BUNDLE_IDENTIFIER = ulsa.edu.Nuevocafe;
				PRODUCT_NAME = "$(TARGET_NAME)";
				SWIFT_VERSION = 4.0;
				TARGETED_DEVICE_FAMILY = "1,2";
			};
			name = Debug;
		};
		3D15F4D42175B180007A1E18 /* Release */ = {
			isa = XCBuildConfiguration;
			buildSettings = {
				ASSETCATALOG_COMPILER_APPICON_NAME = AppIcon;
				CODE_SIGN_STYLE = Automatic;
				INFOPLIST_FILE = Nuevocafe/Info.plist;
				LD_RUNPATH_SEARCH_PATHS = (
					"$(inherited)",
					"@executable_path/Frameworks",
				);
				PRODUCT_BUNDLE_IDENTIFIER = ulsa.edu.Nuevocafe;
				PRODUCT_NAME = "$(TARGET_NAME)";
				SWIFT_VERSION = 4.0;
				TARGETED_DEVICE_FAMILY = "1,2";
			};
			name = Release;
		};
		3D15F4D62175B180007A1E18 /* Debug */ = {
			isa = XCBuildConfiguration;
			buildSettings = {
				ALWAYS_EMBED_SWIFT_STANDARD_LIBRARIES = YES;
				BUNDLE_LOADER = "$(TEST_HOST)";
				CODE_SIGN_STYLE = Automatic;
				INFOPLIST_FILE = NuevocafeTests/Info.plist;
				LD_RUNPATH_SEARCH_PATHS = (
					"$(inherited)",
					"@executable_path/Frameworks",
					"@loader_path/Frameworks",
				);
				PRODUCT_BUNDLE_IDENTIFIER = ulsa.edu.NuevocafeTests;
				PRODUCT_NAME = "$(TARGET_NAME)";
				SWIFT_VERSION = 4.0;
				TARGETED_DEVICE_FAMILY = "1,2";
				TEST_HOST = "$(BUILT_PRODUCTS_DIR)/Nuevocafe.app/Nuevocafe";
			};
			name = Debug;
		};
		3D15F4D72175B180007A1E18 /* Release */ = {
			isa = XCBuildConfiguration;
			buildSettings = {
				ALWAYS_EMBED_SWIFT_STANDARD_LIBRARIES = YES;
				BUNDLE_LOADER = "$(TEST_HOST)";
				CODE_SIGN_STYLE = Automatic;
				INFOPLIST_FILE = NuevocafeTests/Info.plist;
				LD_RUNPATH_SEARCH_PATHS = (
					"$(inherited)",
					"@executable_path/Frameworks",
					"@loader_path/Frameworks",
				);
				PRODUCT_BUNDLE_IDENTIFIER = ulsa.edu.NuevocafeTests;
				PRODUCT_NAME = "$(TARGET_NAME)";
				SWIFT_VERSION = 4.0;
				TARGETED_DEVICE_FAMILY = "1,2";
				TEST_HOST = "$(BUILT_PRODUCTS_DIR)/Nuevocafe.app/Nuevocafe";
			};
			name = Release;
		};
		3D15F4D92175B180007A1E18 /* Debug */ = {
			isa = XCBuildConfiguration;
			buildSettings = {
				ALWAYS_EMBED_SWIFT_STANDARD_LIBRARIES = YES;
				CODE_SIGN_STYLE = Automatic;
				INFOPLIST_FILE = NuevocafeUITests/Info.plist;
				LD_RUNPATH_SEARCH_PATHS = (
					"$(inherited)",
					"@executable_path/Frameworks",
					"@loader_path/Frameworks",
				);
				PRODUCT_BUNDLE_IDENTIFIER = ulsa.edu.NuevocafeUITests;
				PRODUCT_NAME = "$(TARGET_NAME)";
				SWIFT_VERSION = 4.0;
				TARGETED_DEVICE_FAMILY = "1,2";
				TEST_TARGET_NAME = Nuevocafe;
			};
			name = Debug;
		};
		3D15F4DA2175B180007A1E18 /* Release */ = {
			isa = XCBuildConfiguration;
			buildSettings = {
				ALWAYS_EMBED_SWIFT_STANDARD_LIBRARIES = YES;
				CODE_SIGN_STYLE = Automatic;
				INFOPLIST_FILE = NuevocafeUITests/Info.plist;
				LD_RUNPATH_SEARCH_PATHS = (
					"$(inherited)",
					"@executable_path/Frameworks",
					"@loader_path/Frameworks",
				);
				PRODUCT_BUNDLE_IDENTIFIER = ulsa.edu.NuevocafeUITests;
				PRODUCT_NAME = "$(TARGET_NAME)";
				SWIFT_VERSION = 4.0;
				TARGETED_DEVICE_FAMILY = "1,2";
				TEST_TARGET_NAME = Nuevocafe;
			};
			name = Release;
		};
/* End XCBuildConfiguration section */

/* Begin XCConfigurationList section */
		3D15F4A52175B17B007A1E18 /* Build configuration list for PBXProject "Nuevocafe" */ = {
			isa = XCConfigurationList;
			buildConfigurations = (
				3D15F4D02175B180007A1E18 /* Debug */,
				3D15F4D12175B180007A1E18 /* Release */,
			);
			defaultConfigurationIsVisible = 0;
			defaultConfigurationName = Release;
		};
		3D15F4D22175B180007A1E18 /* Build configuration list for PBXNativeTarget "Nuevocafe" */ = {
			isa = XCConfigurationList;
			buildConfigurations = (
				3D15F4D32175B180007A1E18 /* Debug */,
				3D15F4D42175B180007A1E18 /* Release */,
			);
			defaultConfigurationIsVisible = 0;
			defaultConfigurationName = Release;
		};
		3D15F4D52175B180007A1E18 /* Build configuration list for PBXNativeTarget "NuevocafeTests" */ = {
			isa = XCConfigurationList;
			buildConfigurations = (
				3D15F4D62175B180007A1E18 /* Debug */,
				3D15F4D72175B180007A1E18 /* Release */,
			);
			defaultConfigurationIsVisible = 0;
			defaultConfigurationName = Release;
		};
		3D15F4D82175B180007A1E18 /* Build configuration list for PBXNativeTarget "NuevocafeUITests" */ = {
			isa = XCConfigurationList;
			buildConfigurations = (
				3D15F4D92175B180007A1E18 /* Debug */,
				3D15F4DA2175B180007A1E18 /* Release */,
			);
			defaultConfigurationIsVisible = 0;
			defaultConfigurationName = Release;
		};
/* End XCConfigurationList section */
	};
	rootObject = 3D15F4A22175B17B007A1E18 /* Project object */;
}
